{
  "originHash" : "a669a19d7dad51d9569b07c55a81b6066ee617b2f82a0f83681682c9ff35bc10",
  "pins" : [
    {
      "identity" : "commander",
      "kind" : "remoteSourceControl",
      "location" : "https://github.com/steipete/Commander.git",
      "state" : {
        "revision" : "ae2ce746b386ff94b26648cfe5625cfa8d02639b",
        "version" : "0.2.2"
      }
    }
  ],
  "version" : 3
}
